
Microsoft Visual Studio Solution File, Format Version 11.00
# Visual Studio 2010
Project("{FAE04EC0-301F-11D3-BF4B-00C04F79EFBC}") = "Assembly-CSharp", "Assembly-CSharp.csproj", "{e30633c3-f72c-d765-ea0a-b16792b0f6b3}"
EndProject
Project("{FAE04EC0-301F-11D3-BF4B-00C04F79EFBC}") = "Assembly-CSharp-Editor", "Assembly-CSharp-Editor.csproj", "{2e656e9d-fa14-cdb5-c205-dde275f8bfee}"
EndProject
Global
	GlobalSection(SolutionConfigurationPlatforms) = preSolution
		Debug|Any CPU = Debug|Any CPU
		Release|Any CPU = Release|Any CPU
	EndGlobalSection
	GlobalSection(ProjectConfigurationPlatforms) = postSolution
		{e30633c3-f72c-d765-ea0a-b16792b0f6b3}.Debug|Any CPU.ActiveCfg = Debug|Any CPU
		{e30633c3-f72c-d765-ea0a-b16792b0f6b3}.Debug|Any CPU.Build.0 = Debug|Any CPU
		{e30633c3-f72c-d765-ea0a-b16792b0f6b3}.Release|Any CPU.ActiveCfg = Release|Any CPU
		{e30633c3-f72c-d765-ea0a-b16792b0f6b3}.Release|Any CPU.Build.0 = Release|Any CPU
		{2e656e9d-fa14-cdb5-c205-dde275f8bfee}.Debug|Any CPU.ActiveCfg = Debug|Any CPU
		{2e656e9d-fa14-cdb5-c205-dde275f8bfee}.Debug|Any CPU.Build.0 = Debug|Any CPU
		{2e656e9d-fa14-cdb5-c205-dde275f8bfee}.Release|Any CPU.ActiveCfg = Release|Any CPU
		{2e656e9d-fa14-cdb5-c205-dde275f8bfee}.Release|Any CPU.Build.0 = Release|Any CPU
	EndGlobalSection
	GlobalSection(SolutionProperties) = preSolution
		HideSolutionNode = FALSE
	EndGlobalSection
EndGlobal
